// !$*UTF8*$!
{
	archiveVersion = 1;
	classes = {
	};
	objectVersion = 50;
	objects = {

/* Begin PBXBuildFile section */
		4E1E89FC2541275F00067D58 /* AppDelegate.swift in Sources */ = {isa = PBXBuildFile; fileRef = 4E1E89FB2541275F00067D58 /* AppDelegate.swift */; };
		4E1E89FE2541275F00067D58 /* SceneDelegate.swift in Sources */ = {isa = PBXBuildFile; fileRef = 4E1E89FD2541275F00067D58 /* SceneDelegate.swift */; };
		4E1E8A032541275F00067D58 /* Main.storyboard in Resources */ = {isa = PBXBuildFile; fileRef = 4E1E8A012541275F00067D58 /* Main.storyboard */; };
		4E1E8A052541275F00067D58 /* Assets.xcassets in Resources */ = {isa = PBXBuildFile; fileRef = 4E1E8A042541275F00067D58 /* Assets.xcassets */; };
		4E1E8A082541275F00067D58 /* LaunchScreen.storyboard in Resources */ = {isa = PBXBuildFile; fileRef = 4E1E8A062541275F00067D58 /* LaunchScreen.storyboard */; };
		4E1E8A102541294100067D58 /* RestaurantTableViewController.swift in Sources */ = {isa = PBXBuildFile; fileRef = 4E1E8A0F2541294100067D58 /* RestaurantTableViewController.swift */; };
		4E1E8A12254135B500067D58 /* RestaurantTableViewCell.swift in Sources */ = {isa = PBXBuildFile; fileRef = 4E1E8A11254135B500067D58 /* RestaurantTableViewCell.swift */; };
/* End PBXBuildFile section */

/* Begin PBXFileReference section */
		4E1E89F82541275F00067D58 /* 2.app */ = {isa = PBXFileReference; explicitFileType = wrapper.application; includeInIndex = 0; path = 2.app; sourceTree = BUILT_PRODUCTS_DIR; };
		4E1E89FB2541275F00067D58 /* AppDelegate.swift */ = {isa = PBXFileReference; lastKnownFileType = sourcecode.swift; path = AppDelegate.swift; sourceTree = "<group>"; };
		4E1E89FD2541275F00067D58 /* SceneDelegate.swift */ = {isa = PBXFileReference; lastKnownFileType = sourcecode.swift; path = SceneDelegate.swift; sourceTree = "<group>"; };
		4E1E8A022541275F00067D58 /* Base */ = {isa = PBXFileReference; lastKnownFileType = file.storyboard; name = Base; path = Base.lproj/Main.storyboard; sourceTree = "<group>"; };
		4E1E8A042541275F00067D58 /* Assets.xcassets */ = {isa = PBXFileReference; lastKnownFileType = folder.assetcatalog; path = Assets.xcassets; sourceTree = "<group>"; };
		4E1E8A072541275F00067D58 /* Base */ = {isa = PBXFileReference; lastKnownFileType = file.storyboard; name = Base; path = Base.lproj/LaunchScreen.storyboard; sourceTree = "<group>"; };
		4E1E8A092541275F00067D58 /* Info.plist */ = {isa = PBXFileReference; lastKnownFileType = text.plist.xml; path = Info.plist; sourceTree = "<group>"; };
		4E1E8A0F2541294100067D58 /* RestaurantTableViewController.swift */ = {isa = PBXFileReference; lastKnownFileType = sourcecode.swift; path = RestaurantTableViewController.swift; sourceTree = "<group>"; };
		4E1E8A11254135B500067D58 /* RestaurantTableViewCell.swift */ = {isa = PBXFileReference; lastKnownFileType = sourcecode.swift; path = RestaurantTableViewCell.swift; sourceTree = "<group>"; };
/* End PBXFileReference section */

/* Begin PBXFrameworksBuildPhase section */
		4E1E89F52541275F00067D58 /* Frameworks */ = {
			isa = PBXFrameworksBuildPhase;
			buildActionMask = 2147483647;
			files = (
			);
			runOnlyForDeploymentPostprocessing = 0;
		};
/* End PBXFrameworksBuildPhase section */

/* Begin PBXGroup section */
		4E1E89EF2541275F00067D58 = {
			isa = PBXGroup;
			children = (
				4E1E89FA2541275F00067D58 /* 2 */,
				4E1E89F92541275F00067D58 /* Products */,
			);
			sourceTree = "<group>";
		};
		4E1E89F92541275F00067D58 /* Products */ = {
			isa = PBXGroup;
			children = (
				4E1E89F82541275F00067D58 /* 2.app */,
			);
			name = Products;
			sourceTree = "<group>";
		};
		4E1E89FA2541275F00067D58 /* 2 */ = {
			isa = PBXGroup;
			children = (
				4E1E89FB2541275F00067D58 /* AppDelegate.swift */,
				4E1E89FD2541275F00067D58 /* SceneDelegate.swift */,
				4E1E8A012541275F00067D58 /* Main.storyboard */,
				4E1E8A042541275F00067D58 /* Assets.xcassets */,
				4E1E8A062541275F00067D58 /* LaunchScreen.storyboard */,
				4E1E8A092541275F00067D58 /* Info.plist */,
				4E1E8A0F2541294100067D58 /* RestaurantTableViewController.swift */,
				4E1E8A11254135B500067D58 /* RestaurantTableViewCell.swift */,
			);
			path = 2;
			sourceTree = "<group>";
		};
/* End PBXGroup section */

/* Begin PBXNativeTarget section */
		4E1E89F72541275F00067D58 /* 2 */ = {
			isa = PBXNativeTarget;
			buildConfigurationList = 4E1E8A0C2541275F00067D58 /* Build configuration list for PBXNativeTarget "2" */;
			buildPhases = (
				4E1E89F42541275F00067D58 /* Sources */,
				4E1E89F52541275F00067D58 /* Frameworks */,
				4E1E89F62541275F00067D58 /* Resources */,
			);
			buildRules = (
			);
			dependencies = (
			);
			name = 2;
			productName = 2;
			productReference = 4E1E89F82541275F00067D58 /* 2.app */;
			productType = "com.apple.product-type.application";
		};
/* End PBXNativeTarget section */

/* Begin PBXProject section */
		4E1E89F02541275F00067D58 /* Project object */ = {
			isa = PBXProject;
			attributes = {
				LastSwiftUpdateCheck = 1130;
				LastUpgradeCheck = 1130;
				ORGANIZATIONNAME = NDHU_CSIE;
				TargetAttributes = {
					4E1E89F72541275F00067D58 = {
						CreatedOnToolsVersion = 11.3.1;
					};
				};
			};
			buildConfigurationList = 4E1E89F32541275F00067D58 /* Build configuration list for PBXProject "2" */;
			compatibilityVersion = "Xcode 9.3";
			developmentRegion = en;
			hasScannedForEncodings = 0;
			knownRegions = (
				en,
				Base,
			);
			mainGroup = 4E1E89EF2541275F00067D58;
			productRefGroup = 4E1E89F92541275F00067D58 /* Products */;
			projectDirPath = "";
			projectRoot = "";
			targets = (
				4E1E89F72541275F00067D58 /* 2 */,
			);
		};
/* End PBXProject section */

/* Begin PBXResourcesBuildPhase section */
		4E1E89F62541275F00067D58 /* Resources */ = {
			isa = PBXResourcesBuildPhase;
			buildActionMask = 2147483647;
			files = (
				4E1E8A082541275F00067D58 /* LaunchScreen.storyboard in Resources */,
				4E1E8A052541275F00067D58 /* Assets.xcassets in Resources */,
				4E1E8A032541275F00067D58 /* Main.storyboard in Resources */,
			);
			runOnlyForDeploymentPostprocessing = 0;
		};
/* End PBXResourcesBuildPhase section */

/* Begin PBXSourcesBuildPhase section */
		4E1E89F42541275F00067D58 /* Sources */ = {
			isa = PBXSourcesBuildPhase;
			buildActionMask = 2147483647;
			files = (
				4E1E8A12254135B500067D58 /* RestaurantTableViewCell.swift in Sources */,
				4E1E89FC2541275F00067D58 /* AppDelegate.swift in Sources */,
				4E1E89FE2541275F00067D58 /* SceneDelegate.swift in Sources */,
				4E1E8A102541294100067D58 /* RestaurantTableViewController.swift in Sources */,
			);
			runOnlyForDeploymentPostprocessing = 0;
		};
/* End PBXSourcesBuildPhase section */

/* Begin PBXVariantGroup section */
		4E1E8A012541275F00067D58 /* Main.storyboard */ = {
			isa = PBXVariantGroup;
			children = (
				4E1E8A022541275F00067D58 /* Base */,
			);
			name = Main.storyboard;
			sourceTree = "<group>";
		};
		4E1E8A062541275F00067D58 /* LaunchScreen.storyboard */ = {
			isa = PBXVariantGroup;
			children = (
				4E1E8A072541275F00067D58 /* Base */,
			);
			name = LaunchScreen.storyboard;
			sourceTree = "<group>";
		};
/* End PBXVariantGroup section */

/* Begin XCBuildConfiguration section */
		4E1E8A0A2541275F00067D58 /* Debug */ = {
			isa = XCBuildConfiguration;
			buildSettings = {
				ALWAYS_SEARCH_USER_PATHS = NO;
				CLANG_ANALYZER_NONNULL = YES;
				CLANG_ANALYZER_NUMBER_OBJECT_CONVERSION = YES_AGGRESSIVE;
				CLANG_CXX_LANGUAGE_STANDARD = "gnu++14";
				CLANG_CXX_LIBRARY = "libc++";
				CLANG_ENABLE_MODULES = YES;
				CLANG_ENABLE_OBJC_ARC = YES;
				CLANG_ENABLE_OBJC_WEAK = YES;
				CLANG_WARN_BLOCK_CAPTURE_AUTORELEASING = YES;
				CLANG_WARN_BOOL_CONVERSION = YES;
				CLANG_WARN_COMMA = YES;
				CLANG_WARN_CONSTANT_CONVERSION = YES;
				CLANG_WARN_DEPRECATED_OBJC_IMPLEMENTATIONS = YES;
				CLANG_WARN_DIRECT_OBJC_ISA_USAGE = YES_ERROR;
				CLANG_WARN_DOCUMENTATION_COMMENTS = YES;
				CLANG_WARN_EMPTY_BODY = YES;
				CLANG_WARN_ENUM_CONVERSION = YES;
				CLANG_WARN_INFINITE_RECURSION = YES;
				CLANG_WARN_INT_CONVERSION = YES;
				CLANG_WARN_NON_LITERAL_NULL_CONVERSION = YES;
				CLANG_WARN_OBJC_IMPLICIT_RETAIN_SELF = YES;
				CLANG_WARN_OBJC_LITERAL_CONVERSION = YES;
				CLANG_WARN_OBJC_ROOT_CLASS = YES_ERROR;
				CLANG_WARN_RANGE_LOOP_ANALYSIS = YES;
				CLANG_WARN_STRICT_PROTOTYPES = YES;
				CLANG_WARN_SUSPICIOUS_MOVE = YES;
				CLANG_WARN_UNGUARDED_AVAILABILITY = YES_AGGRESSIVE;
				CLANG_WARN_UNREACHABLE_CODE = YES;
				CLANG_WARN__DUPLICATE_METHOD_MATCH = YES;
				COPY_PHASE_STRIP = NO;
				DEBUG_INFORMATION_FORMAT = dwarf;
				ENABLE_STRICT_OBJC_MSGSEND = YES;
				ENABLE_TESTABILITY = YES;
				GCC_C_LANGUAGE_STANDARD = gnu11;
				GCC_DYNAMIC_NO_PIC = NO;
				GCC_NO_COMMON_BLOCKS = YES;
				GCC_OPTIMIZATION_LEVEL = 0;
				GCC_PREPROCESSOR_DEFINITIONS = (
					"DEBUG=1",
					"$(inherited)",
				);
				GCC_WARN_64_TO_32_BIT_CONVERSION = YES;
				GCC_WARN_ABOUT_RETURN_TYPE = YES_ERROR;
				GCC_WARN_UNDECLARED_SELECTOR = YES;
				GCC_WARN_UNINITIALIZED_AUTOS = YES_AGGRESSIVE;
				GCC_WARN_UNUSED_FUNCTION = YES;
				GCC_WARN_UNUSED_VARIABLE = YES;
				IPHONEOS_DEPLOYMENT_TARGET = 13.2;
				MTL_ENABLE_DEBUG_INFO = INCLUDE_SOURCE;
				MTL_FAST_MATH = YES;
				ONLY_ACTIVE_ARCH = YES;
				SDKROOT = iphoneos;
				SWIFT_ACTIVE_COMPILATION_CONDITIONS = DEBUG;
				SWIFT_OPTIMIZATION_LEVEL = "-Onone";
			};
			name = Debug;
		};
		4E1E8A0B2541275F00067D58 /* Release */ = {
			isa = XCBuildConfiguration;
			buildSettings = {
				ALWAYS_SEARCH_USER_PATHS = NO;
				CLANG_ANALYZER_NONNULL = YES;
				CLANG_ANALYZER_NUMBER_OBJECT_CONVERSION = YES_AGGRESSIVE;
				CLANG_CXX_LANGUAGE_STANDARD = "gnu++14";
				CLANG_CXX_LIBRARY = "libc++";
				CLANG_ENABLE_MODULES = YES;
				CLANG_ENABLE_OBJC_ARC = YES;
				CLANG_ENABLE_OBJC_WEAK = YES;
				CLANG_WARN_BLOCK_CAPTURE_AUTORELEASING = YES;
				CLANG_WARN_BOOL_CONVERSION = YES;
				CLANG_WARN_COMMA = YES;
				CLANG_WARN_CONSTANT_CONVERSION = YES;
				CLANG_WARN_DEPRECATED_OBJC_IMPLEMENTATIONS = YES;
				CLANG_WARN_DIRECT_OBJC_ISA_USAGE = YES_ERROR;
				CLANG_WARN_DOCUMENTATION_COMMENTS = YES;
				CLANG_WARN_EMPTY_BODY = YES;
				CLANG_WARN_ENUM_CONVERSION = YES;
				CLANG_WARN_INFINITE_RECURSION = YES;
				CLANG_WARN_INT_CONVERSION = YES;
				CLANG_WARN_NON_LITERAL_NULL_CONVERSION = YES;
				CLANG_WARN_OBJC_IMPLICIT_RETAIN_SELF = YES;
				CLANG_WARN_OBJC_LITERAL_CONVERSION = YES;
				CLANG_WARN_OBJC_ROOT_CLASS = YES_ERROR;
				CLANG_WARN_RANGE_LOOP_ANALYSIS = YES;
				CLANG_WARN_STRICT_PROTOTYPES = YES;
				CLANG_WARN_SUSPICIOUS_MOVE = YES;
				CLANG_WARN_UNGUARDED_AVAILABILITY = YES_AGGRESSIVE;
				CLANG_WARN_UNREACHABLE_CODE = YES;
				CLANG_WARN__DUPLICATE_METHOD_MATCH = YES;
				COPY_PHASE_STRIP = NO;
				DEBUG_INFORMATION_FORMAT = "dwarf-with-dsym";
				ENABLE_NS_ASSERTIONS = NO;
				ENABLE_STRICT_OBJC_MSGSEND = YES;
				GCC_C_LANGUAGE_STANDARD = gnu11;
				GCC_NO_COMMON_BLOCKS = YES;
				GCC_WARN_64_TO_32_BIT_CONVERSION = YES;
				GCC_WARN_ABOUT_RETURN_TYPE = YES_ERROR;
				GCC_WARN_UNDECLARED_SELECTOR = YES;
				GCC_WARN_UNINITIALIZED_AUTOS = YES_AGGRESSIVE;
				GCC_WARN_UNUSED_FUNCTION = YES;
				GCC_WARN_UNUSED_VARIABLE = YES;
				IPHONEOS_DEPLOYMENT_TARGET = 13.2;
				MTL_ENABLE_DEBUG_INFO = NO;
				MTL_FAST_MATH = YES;
				SDKROOT = iphoneos;
				SWIFT_COMPILATION_MODE = wholemodule;
				SWIFT_OPTIMIZATION_LEVEL = "-O";
				VALIDATE_PRODUCT = YES;
			};
			name = Release;
		};
		4E1E8A0D2541275F00067D58 /* Debug */ = {
			isa = XCBuildConfiguration;
			buildSettings = {
				ASSETCATALOG_COMPILER_APPICON_NAME = AppIcon;
				CODE_SIGN_STYLE = Automatic;
				INFOPLIST_FILE = 2/Info.plist;
				LD_RUNPATH_SEARCH_PATHS = (
					"$(inherited)",
					"@executable_path/Frameworks",
				);
				PRODUCT_BUNDLE_IDENTIFIER = "ndhu.-";
				PRODUCT_NAME = "$(TARGET_NAME)";
				SWIFT_VERSION = 5.0;
				TARGETED_DEVICE_FAMILY = "1,2";
			};
			name = Debug;
		};
		4E1E8A0E2541275F00067D58 /* Release */ = {
			isa = XCBuildConfiguration;
			buildSettings = {
				ASSETCATALOG_COMPILER_APPICON_NAME = AppIcon;
				CODE_SIGN_STYLE = Automatic;
				INFOPLIST_FILE = 2/Info.plist;
				LD_RUNPATH_SEARCH_PATHS = (
					"$(inherited)",
					"@executable_path/Frameworks",
				);
				PRODUCT_BUNDLE_IDENTIFIER = "ndhu.-";
				PRODUCT_NAME = "$(TARGET_NAME)";
				SWIFT_VERSION = 5.0;
				TARGETED_DEVICE_FAMILY = "1,2";
			};
			name = Release;
		};
/* End XCBuildConfiguration section */

/* Begin XCConfigurationList section */
		4E1E89F32541275F00067D58 /* Build configuration list for PBXProject "2" */ = {
			isa = XCConfigurationList;
			buildConfigurations = (
				4E1E8A0A2541275F00067D58 /* Debug */,
				4E1E8A0B2541275F00067D58 /* Release */,
			);
			defaultConfigurationIsVisible = 0;
			defaultConfigurationName = Release;
		};
		4E1E8A0C2541275F00067D58 /* Build configuration list for PBXNativeTarget "2" */ = {
			isa = XCConfigurationList;
			buildConfigurations = (
				4E1E8A0D2541275F00067D58 /* Debug */,
				4E1E8A0E2541275F00067D58 /* Release */,
			);
			defaultConfigurationIsVisible = 0;
			defaultConfigurationName = Release;
		};
/* End XCConfigurationList section */
	};
	rootObject = 4E1E89F02541275F00067D58 /* Project object */;
}
